
Microsoft Visual Studio Solution File, Format Version 12.00
# Visual Studio 15
VisualStudioVersion = 15.0.28307.168
MinimumVisualStudioVersion = 10.0.40219.1
Project("{9A19103F-16F7-4668-BE54-9A1E7A4F7556}") = "ConsultingManager.Api", "ConsultingManager.Api\ConsultingManager.Api.csproj", "{4C817D5E-EF68-4E42-874C-87025D79F5D5}"
EndProject
Project("{9A19103F-16F7-4668-BE54-9A1E7A4F7556}") = "ConsultingManager.Infra", "ConsultingManager.Infra\ConsultingManager.Infra.csproj", "{B831735A-B782-4A96-AF66-1CFB46DC6AEC}"
EndProject
Project("{9A19103F-16F7-4668-BE54-9A1E7A4F7556}") = "ConsultingManager.Dto", "ConsultingManager.Dto\ConsultingManager.Dto.csproj", "{C019A18C-9B8F-46C8-85FE-F8811F363FA1}"
EndProject
Project("{9A19103F-16F7-4668-BE54-9A1E7A4F7556}") = "ConsultingManager.Domain", "ConsultingManager.Domain\ConsultingManager.Domain.csproj", "{68F7C7E0-646F-43FA-A971-C78AB04C4067}"
EndProject
Global
	GlobalSection(SolutionConfigurationPlatforms) = preSolution
		Debug|Any CPU = Debug|Any CPU
		Release|Any CPU = Release|Any CPU
	EndGlobalSection
	GlobalSection(ProjectConfigurationPlatforms) = postSolution
		{4C817D5E-EF68-4E42-874C-87025D79F5D5}.Debug|Any CPU.ActiveCfg = Debug|Any CPU
		{4C817D5E-EF68-4E42-874C-87025D79F5D5}.Debug|Any CPU.Build.0 = Debug|Any CPU
		{4C817D5E-EF68-4E42-874C-87025D79F5D5}.Release|Any CPU.ActiveCfg = Release|Any CPU
		{4C817D5E-EF68-4E42-874C-87025D79F5D5}.Release|Any CPU.Build.0 = Release|Any CPU
		{B831735A-B782-4A96-AF66-1CFB46DC6AEC}.Debug|Any CPU.ActiveCfg = Debug|Any CPU
		{B831735A-B782-4A96-AF66-1CFB46DC6AEC}.Debug|Any CPU.Build.0 = Debug|Any CPU
		{B831735A-B782-4A96-AF66-1CFB46DC6AEC}.Release|Any CPU.ActiveCfg = Release|Any CPU
		{B831735A-B782-4A96-AF66-1CFB46DC6AEC}.Release|Any CPU.Build.0 = Release|Any CPU
		{C019A18C-9B8F-46C8-85FE-F8811F363FA1}.Debug|Any CPU.ActiveCfg = Debug|Any CPU
		{C019A18C-9B8F-46C8-85FE-F8811F363FA1}.Debug|Any CPU.Build.0 = Debug|Any CPU
		{C019A18C-9B8F-46C8-85FE-F8811F363FA1}.Release|Any CPU.ActiveCfg = Release|Any CPU
		{C019A18C-9B8F-46C8-85FE-F8811F363FA1}.Release|Any CPU.Build.0 = Release|Any CPU
		{68F7C7E0-646F-43FA-A971-C78AB04C4067}.Debug|Any CPU.ActiveCfg = Debug|Any CPU
		{68F7C7E0-646F-43FA-A971-C78AB04C4067}.Debug|Any CPU.Build.0 = Debug|Any CPU
		{68F7C7E0-646F-43FA-A971-C78AB04C4067}.Release|Any CPU.ActiveCfg = Release|Any CPU
		{68F7C7E0-646F-43FA-A971-C78AB04C4067}.Release|Any CPU.Build.0 = Release|Any CPU
	EndGlobalSection
	GlobalSection(SolutionProperties) = preSolution
		HideSolutionNode = FALSE
	EndGlobalSection
	GlobalSection(ExtensibilityGlobals) = postSolution
		SolutionGuid = {BE7A9BE8-8498-4CEC-BDCF-13DE587A356E}
	EndGlobalSection
EndGlobal
